
Microsoft Visual Studio Solution File, Format Version 12.00
# Visual Studio Version 16
VisualStudioVersion = 16.0.30104.148
MinimumVisualStudioVersion = 10.0.40219.1
Project("{FAE04EC0-301F-11D3-BF4B-00C04F79EFBC}") = "Yemek_Tarifleri_Site", "Yemek_Tarifleri_Site\Yemek_Tarifleri_Site.csproj", "{55274DD1-4033-471B-A6F5-CAC9B5F4AF95}"
EndProject
Global
	GlobalSection(SolutionConfigurationPlatforms) = preSolution
		Debug|Any CPU = Debug|Any CPU
		Release|Any CPU = Release|Any CPU
	EndGlobalSection
	GlobalSection(ProjectConfigurationPlatforms) = postSolution
		{55274DD1-4033-471B-A6F5-CAC9B5F4AF95}.Debug|Any CPU.ActiveCfg = Debug|Any CPU
		{55274DD1-4033-471B-A6F5-CAC9B5F4AF95}.Debug|Any CPU.Build.0 = Debug|Any CPU
		{55274DD1-4033-471B-A6F5-CAC9B5F4AF95}.Release|Any CPU.ActiveCfg = Release|Any CPU
		{55274DD1-4033-471B-A6F5-CAC9B5F4AF95}.Release|Any CPU.Build.0 = Release|Any CPU
	EndGlobalSection
	GlobalSection(SolutionProperties) = preSolution
		HideSolutionNode = FALSE
	EndGlobalSection
	GlobalSection(ExtensibilityGlobals) = postSolution
		SolutionGuid = {A863A033-0286-488E-BE11-78E5B9710B62}
	EndGlobalSection
EndGlobal
